
Microsoft Visual Studio Solution File, Format Version 12.00
# Visual Studio Version 17
VisualStudioVersion = 17.7.34031.279
MinimumVisualStudioVersion = 10.0.40219.1
Project("{9A19103F-16F7-4668-BE54-9A1E7A4F7556}") = "Zamilov_T_R_11.11.23", "Zamilov_T_R_11.11.23\Zamilov_T_R_11.11.23.csproj", "{FDFFA9B5-F416-44A0-BC71-B29F79A077B8}"
EndProject
Project("{2150E333-8FDC-42A3-9474-1A3956D46DE8}") = "Tumakov", "Tumakov", "{DE52F6A7-46C1-4760-A455-A8365945D2B9}"
EndProject
Project("{2150E333-8FDC-42A3-9474-1A3956D46DE8}") = "Zadanie", "Zadanie", "{7EF396B2-3687-406D-B508-D730F575E440}"
EndProject
Project("{FAE04EC0-301F-11D3-BF4B-00C04F79EFBC}") = "Zamilov_T_R_11.11.23_", "Zamilov_T_R_11.11.23_\Zamilov_T_R_11.11.23_.csproj", "{D388463E-164E-4BA0-9546-AE2025094C14}"
EndProject
Global
	GlobalSection(SolutionConfigurationPlatforms) = preSolution
		Debug|Any CPU = Debug|Any CPU
		Release|Any CPU = Release|Any CPU
	EndGlobalSection
	GlobalSection(ProjectConfigurationPlatforms) = postSolution
		{FDFFA9B5-F416-44A0-BC71-B29F79A077B8}.Debug|Any CPU.ActiveCfg = Debug|Any CPU
		{FDFFA9B5-F416-44A0-BC71-B29F79A077B8}.Debug|Any CPU.Build.0 = Debug|Any CPU
		{FDFFA9B5-F416-44A0-BC71-B29F79A077B8}.Release|Any CPU.ActiveCfg = Release|Any CPU
		{FDFFA9B5-F416-44A0-BC71-B29F79A077B8}.Release|Any CPU.Build.0 = Release|Any CPU
		{D388463E-164E-4BA0-9546-AE2025094C14}.Debug|Any CPU.ActiveCfg = Debug|Any CPU
		{D388463E-164E-4BA0-9546-AE2025094C14}.Debug|Any CPU.Build.0 = Debug|Any CPU
		{D388463E-164E-4BA0-9546-AE2025094C14}.Release|Any CPU.ActiveCfg = Release|Any CPU
		{D388463E-164E-4BA0-9546-AE2025094C14}.Release|Any CPU.Build.0 = Release|Any CPU
	EndGlobalSection
	GlobalSection(SolutionProperties) = preSolution
		HideSolutionNode = FALSE
	EndGlobalSection
	GlobalSection(NestedProjects) = preSolution
		{FDFFA9B5-F416-44A0-BC71-B29F79A077B8} = {DE52F6A7-46C1-4760-A455-A8365945D2B9}
		{D388463E-164E-4BA0-9546-AE2025094C14} = {7EF396B2-3687-406D-B508-D730F575E440}
	EndGlobalSection
	GlobalSection(ExtensibilityGlobals) = postSolution
		SolutionGuid = {4787E3E1-4DB4-4B59-8CFE-635FF83D034B}
	EndGlobalSection
EndGlobal
